
Microsoft Visual Studio Solution File, Format Version 12.00
# Visual Studio Version 17
VisualStudioVersion = 17.5.33516.290
MinimumVisualStudioVersion = 10.0.40219.1
Project("{9A19103F-16F7-4668-BE54-9A1E7A4F7556}") = "Forecast_Master", "Forecast_Master.csproj", "{AEEA77F8-B28F-4B94-809D-098FA525C13A}"
EndProject
Global
	GlobalSection(SolutionConfigurationPlatforms) = preSolution
		Debug|Any CPU = Debug|Any CPU
		Release|Any CPU = Release|Any CPU
	EndGlobalSection
	GlobalSection(ProjectConfigurationPlatforms) = postSolution
		{AEEA77F8-B28F-4B94-809D-098FA525C13A}.Debug|Any CPU.ActiveCfg = Debug|Any CPU
		{AEEA77F8-B28F-4B94-809D-098FA525C13A}.Debug|Any CPU.Build.0 = Debug|Any CPU
		{AEEA77F8-B28F-4B94-809D-098FA525C13A}.Release|Any CPU.ActiveCfg = Release|Any CPU
		{AEEA77F8-B28F-4B94-809D-098FA525C13A}.Release|Any CPU.Build.0 = Release|Any CPU
	EndGlobalSection
	GlobalSection(SolutionProperties) = preSolution
		HideSolutionNode = FALSE
	EndGlobalSection
	GlobalSection(ExtensibilityGlobals) = postSolution
		SolutionGuid = {13AF3593-0DC9-494D-9D9E-8AEB5916F55C}
	EndGlobalSection
EndGlobal
